Microsoft Visual Studio Solution File, Format Version 12.00
# Visual Studio Version 17
VisualStudioVersion = 17.0.31903.59
MinimumVisualStudioVersion = 10.0.40219.1
Project("{FAE04EC0-301F-11D3-BF4B-00C04F79EFBC}") = "ASIOA.Core", "src\ASIOA.Core\ASIOA.Core.csproj", "{6A44C461-FD48-4F5B-A436-B49BE1C3B3E80}"
EndProject
Project("{FAE04EC0-301F-11D3-BF4B-00C04F79EFBC}") = "ASIOA.Smoke", "src\ASIOA.Smoke\ASIOA.Smoke.csproj", "{D0C84763-90B8-47E1-BB8F-09799F052E7A}"
EndProject
Project("{FAE04EC0-301F-11D3-BF4B-00C04F79EFBC}") = "ASIOA.App", "src\ASIOA.App\ASIOA.App.csproj", "{7386DD32-D8B6-4985-AD5A-0603B32CB91F}"
EndProject
Global
	GlobalSection(SolutionConfigurationPlatforms) = preSolution
		Debug|Any CPU = Debug|Any CPU
		Release|Any CPU = Release|Any CPU
	EndGlobalSection
	GlobalSection(ProjectConfigurationPlatforms) = postSolution
		{6A44C461-FD48-4F5B-A436-B49BE1C3B3E80}.Debug|Any CPU.ActiveCfg = Debug|Any CPU
		{6A44C461-FD48-4F5B-A436-B49BE1C3B3E80}.Debug|Any CPU.Build.0 = Debug|Any CPU
		{6A44C461-FD48-4F5B-A436-B49BE1C3B3E80}.Release|Any CPU.ActiveCfg = Release|Any CPU
		{6A44C461-FD48-4F5B-A436-B49BE1C3B3E80}.Release|Any CPU.Build.0 = Release|Any CPU
		{D0C84763-90B8-47E1-BB8F-09799F052E7A}.Debug|Any CPU.ActiveCfg = Debug|Any CPU
		{D0C84763-90B8-47E1-BB8F-09799F052E7A}.Debug|Any CPU.Build.0 = Debug|Any CPU
		{D0C84763-90B8-47E1-BB8F-09799F052E7A}.Release|Any CPU.ActiveCfg = Release|Any CPU
		{D0C84763-90B8-47E1-BB8F-09799F052E7A}.Release|Any CPU.Build.0 = Release|Any CPU
		{7386DD32-D8B6-4985-AD5A-0603B32CB91F}.Debug|Any CPU.ActiveCfg = Debug|Any CPU
		{7386DD32-D8B6-4985-AD5A-0603B32CB91F}.Debug|Any CPU.Build.0 = Debug|Any CPU
		{7386DD32-D8B6-4985-AD5A-0603B32CB91F}.Release|Any CPU.ActiveCfg = Release|Any CPU
		{7386DD32-D8B6-4985-AD5A-0603B32CB91F}.Release|Any CPU.Build.0 = Release|Any CPU
	EndGlobalSection
EndGlobal
